lockfileVersion: '6.0'

settings:
  autoInstallPeers: true
  excludeLinksFromLockfile: false

dependencies:
  '@hono/zod-validator':
    specifier: ^0.1.5
    version: 0.1.5(hono@3.4.1)(zod@3.21.4)
  zod:
    specifier: ^3.21.4
    version: 3.21.4

devDependencies:
  '@types/node':
    specifier: ^20.4.9
    version: 20.4.9

packages:

  /@hono/zod-validator@0.1.5(hono@3.4.1)(zod@3.21.4):
    resolution: {integrity: sha512-JnZb/F9qEI63ocgbeWN/mKGNlaU8c2j2GKm3VVdjMPUqCocNqOPZj21YGAx3b25MuQDFPMyEk5aB1QxGqoNvNg==}
    peerDependencies:
      hono: 3.*
      zod: ^3.19.1
    dependencies:
      hono: 3.4.1
      zod: 3.21.4
    dev: false

  /@types/node@20.4.9:
    resolution: {integrity: sha512-8e2HYcg7ohnTUbHk8focoklEQYvemQmu9M/f43DZVx43kHn0tE3BY/6gSDxS7k0SprtS0NHvj+L80cGLnoOUcQ==}
    dev: true

  /hono@3.4.1:
    resolution: {integrity: sha512-fA7/cfgNg060mt12cYykdstwqM/bRvqYmQlPpEjoKIwMs6QF1rPJzZjppCrFuZZJvKE1vEP6kEAaaDH96XRg7Q==}
    engines: {node: '>=16.0.0'}
    dev: false

  /zod@3.21.4:
    resolution: {integrity: sha512-m46AKbrzKVzOzs/DZgVnG5H55N1sv1M8qZU3A8RIKbs3mrACDNeIOeilDymVb2HdmP8uwshOCF4uJ8uM9rCqJw==}
    dev: false
